// !$*UTF8*$!
{
	archiveVersion = 1;
	classes = {
	};
	objectVersion = 77;
	objects = {

/* Begin PBXBuildFile section */
		0CFFF1772EAA587100E83262 /* FirebaseAuth in Frameworks */ = {isa = PBXBuildFile; productRef = 0CFFF1762EAA587100E83262 /* FirebaseAuth */; };
		0CFFF1792EAA587100E83262 /* FirebaseFirestore in Frameworks */ = {isa = PBXBuildFile; productRef = 0CFFF1782EAA587100E83262 /* FirebaseFirestore */; };
/* End PBXBuildFile section */

/* Begin PBXContainerItemProxy section */
		0CDB91922EA29A8600F34ACE /* PBXContainerItemProxy */ = {
			isa = PBXContainerItemProxy;
			containerPortal = 0CDB917C2EA29A8500F34ACE /* Project object */;
			proxyType = 1;
			remoteGlobalIDString = 0CDB91832EA29A8500F34ACE;
			remoteInfo = PleaseDo;
		};
		0CDB919C2EA29A8700F34ACE /* PBXContainerItemProxy */ = {
			isa = PBXContainerItemProxy;
			containerPortal = 0CDB917C2EA29A8500F34ACE /* Project object */;
			proxyType = 1;
			remoteGlobalIDString = 0CDB91832EA29A8500F34ACE;
			remoteInfo = PleaseDo;
		};
/* End PBXContainerItemProxy section */

/* Begin PBXFileReference section */
		0CDB91842EA29A8500F34ACE /* PleaseDo.app */ = {isa = PBXFileReference; explicitFileType = wrapper.application; includeInIndex = 0; path = PleaseDo.app; sourceTree = BUILT_PRODUCTS_DIR; };
		0CDB91912EA29A8600F34ACE /* PleaseDoTests.xctest */ = {isa = PBXFileReference; explicitFileType = wrapper.cfbundle; includeInIndex = 0; path = PleaseDoTests.xctest; sourceTree = BUILT_PRODUCTS_DIR; };
		0CDB919B2EA29A8700F34ACE /* PleaseDoUITests.xctest */ = {isa = PBXFileReference; explicitFileType = wrapper.cfbundle; includeInIndex = 0; path = PleaseDoUITests.xctest; sourceTree = BUILT_PRODUCTS_DIR; };
/* End PBXFileReference section */

/* Begin PBXFileSystemSynchronizedRootGroup section */
		0CDB91862EA29A8500F34ACE /* PleaseDo */ = {
			isa = PBXFileSystemSynchronizedRootGroup;
			path = PleaseDo;
			sourceTree = "<group>";
		};
		0CDB91942EA29A8600F34ACE /* PleaseDoTests */ = {
			isa = PBXFileSystemSynchronizedRootGroup;
			path = PleaseDoTests;
			sourceTree = "<group>";
		};
		0CDB919E2EA29A8700F34ACE /* PleaseDoUITests */ = {
			isa = PBXFileSystemSynchronizedRootGroup;
			path = PleaseDoUITests;
			sourceTree = "<group>";
		};
/* End PBXFileSystemSynchronizedRootGroup section */

/* Begin PBXFrameworksBuildPhase section */
		0CDB91812EA29A8500F34ACE /* Frameworks */ = {
			isa = PBXFrameworksBuildPhase;
			buildActionMask = 2147483647;
			files = (
				0CFFF1772EAA587100E83262 /* FirebaseAuth in Frameworks */,
				0CFFF1792EAA587100E83262 /* FirebaseFirestore in Frameworks */,
			);
			runOnlyForDeploymentPostprocessing = 0;
		};
		0CDB918E2EA29A8600F34ACE /* Frameworks */ = {
			isa = PBXFrameworksBuildPhase;
			buildActionMask = 2147483647;
			files = (
			);
			runOnlyForDeploymentPostprocessing = 0;
		};
		0CDB91982EA29A8700F34ACE /* Frameworks */ = {
			isa = PBXFrameworksBuildPhase;
			buildActionMask = 2147483647;
			files = (
			);
			runOnlyForDeploymentPostprocessing = 0;
		};
/* End PBXFrameworksBuildPhase section */

/* Begin PBXGroup section */
		0CDB917B2EA29A8500F34ACE = {
			isa = PBXGroup;
			children = (
				0CDB91862EA29A8500F34ACE /* PleaseDo */,
				0CDB91942EA29A8600F34ACE /* PleaseDoTests */,
				0CDB919E2EA29A8700F34ACE /* PleaseDoUITests */,
				0CDB91852EA29A8500F34ACE /* Products */,
			);
			sourceTree = "<group>";
		};
		0CDB91852EA29A8500F34ACE /* Products */ = {
			isa = PBXGroup;
			children = (
				0CDB91842EA29A8500F34ACE /* PleaseDo.app */,
				0CDB91912EA29A8600F34ACE /* PleaseDoTests.xctest */,
				0CDB919B2EA29A8700F34ACE /* PleaseDoUITests.xctest */,
			);
			name = Products;
			sourceTree = "<group>";
		};
/* End PBXGroup section */

/* Begin PBXNativeTarget section */
		0CDB91832EA29A8500F34ACE /* PleaseDo */ = {
			isa = PBXNativeTarget;
			buildConfigurationList = 0CDB91A52EA29A8700F34ACE /* Build configuration list for PBXNativeTarget "PleaseDo" */;
			buildPhases = (
				0CDB91802EA29A8500F34ACE /* Sources */,
				0CDB91812EA29A8500F34ACE /* Frameworks */,
				0CDB91822EA29A8500F34ACE /* Resources */,
			);
			buildRules = (
			);
			dependencies = (
			);
			fileSystemSynchronizedGroups = (
				0CDB91862EA29A8500F34ACE /* PleaseDo */,
			);
			name = PleaseDo;
			packageProductDependencies = (
				0CFFF1762EAA587100E83262 /* FirebaseAuth */,
				0CFFF1782EAA587100E83262 /* FirebaseFirestore */,
			);
			productName = PleaseDo;
			productReference = 0CDB91842EA29A8500F34ACE /* PleaseDo.app */;
			productType = "com.apple.product-type.application";
		};
		0CDB91902EA29A8600F34ACE /* PleaseDoTests */ = {
			isa = PBXNativeTarget;
			buildConfigurationList = 0CDB91A82EA29A8700F34ACE /* Build configuration list for PBXNativeTarget "PleaseDoTests" */;
			buildPhases = (
				0CDB918D2EA29A8600F34ACE /* Sources */,
				0CDB918E2EA29A8600F34ACE /* Frameworks */,
				0CDB918F2EA29A8600F34ACE /* Resources */,
			);
			buildRules = (
			);
			dependencies = (
				0CDB91932EA29A8600F34ACE /* PBXTargetDependency */,
			);
			fileSystemSynchronizedGroups = (
				0CDB91942EA29A8600F34ACE /* PleaseDoTests */,
			);
			name = PleaseDoTests;
			packageProductDependencies = (
			);
			productName = PleaseDoTests;
			productReference = 0CDB91912EA29A8600F34ACE /* PleaseDoTests.xctest */;
			productType = "com.apple.product-type.bundle.unit-test";
		};
		0CDB919A2EA29A8700F34ACE /* PleaseDoUITests */ = {
			isa = PBXNativeTarget;
			buildConfigurationList = 0CDB91AB2EA29A8700F34ACE /* Build configuration list for PBXNativeTarget "PleaseDoUITests" */;
			buildPhases = (
				0CDB91972EA29A8700F34ACE /* Sources */,
				0CDB91982EA29A8700F34ACE /* Frameworks */,
				0CDB91992EA29A8700F34ACE /* Resources */,
			);
			buildRules = (
			);
			dependencies = (
				0CDB919D2EA29A8700F34ACE /* PBXTargetDependency */,
			);
			fileSystemSynchronizedGroups = (
				0CDB919E2EA29A8700F34ACE /* PleaseDoUITests */,
			);
			name = PleaseDoUITests;
			packageProductDependencies = (
			);
			productName = PleaseDoUITests;
			productReference = 0CDB919B2EA29A8700F34ACE /* PleaseDoUITests.xctest */;
			productType = "com.apple.product-type.bundle.ui-testing";
		};
/* End PBXNativeTarget section */

/* Begin PBXProject section */
		0CDB917C2EA29A8500F34ACE /* Project object */ = {
			isa = PBXProject;
			attributes = {
				BuildIndependentTargetsInParallel = 1;
				LastSwiftUpdateCheck = 2600;
				LastUpgradeCheck = 2600;
				TargetAttributes = {
					0CDB91832EA29A8500F34ACE = {
						CreatedOnToolsVersion = 26.0.1;
					};
					0CDB91902EA29A8600F34ACE = {
						CreatedOnToolsVersion = 26.0.1;
						TestTargetID = 0CDB91832EA29A8500F34ACE;
					};
					0CDB919A2EA29A8700F34ACE = {
						CreatedOnToolsVersion = 26.0.1;
						TestTargetID = 0CDB91832EA29A8500F34ACE;
					};
				};
			};
			buildConfigurationList = 0CDB917F2EA29A8500F34ACE /* Build configuration list for PBXProject "PleaseDo" */;
			developmentRegion = en;
			hasScannedForEncodings = 0;
			knownRegions = (
				en,
				Base,
			);
			mainGroup = 0CDB917B2EA29A8500F34ACE;
			minimizedProjectReferenceProxies = 1;
			packageReferences = (
				0CFFF1752EAA587100E83262 /* XCRemoteSwiftPackageReference "firebase-ios-sdk" */,
			);
			preferredProjectObjectVersion = 77;
			productRefGroup = 0CDB91852EA29A8500F34ACE /* Products */;
			projectDirPath = "";
			projectRoot = "";
			targets = (
				0CDB91832EA29A8500F34ACE /* PleaseDo */,
				0CDB91902EA29A8600F34ACE /* PleaseDoTests */,
				0CDB919A2EA29A8700F34ACE /* PleaseDoUITests */,
			);
		};
/* End PBXProject section */

/* Begin PBXResourcesBuildPhase section */
		0CDB91822EA29A8500F34ACE /* Resources */ = {
			isa = PBXResourcesBuildPhase;
			buildActionMask = 2147483647;
			files = (
			);
			runOnlyForDeploymentPostprocessing = 0;
		};
		0CDB918F2EA29A8600F34ACE /* Resources */ = {
			isa = PBXResourcesBuildPhase;
			buildActionMask = 2147483647;
			files = (
			);
			runOnlyForDeploymentPostprocessing = 0;
		};
		0CDB91992EA29A8700F34ACE /* Resources */ = {
			isa = PBXResourcesBuildPhase;
			buildActionMask = 2147483647;
			files = (
			);
			runOnlyForDeploymentPostprocessing = 0;
		};
/* End PBXResourcesBuildPhase section */

/* Begin PBXSourcesBuildPhase section */
		0CDB91802EA29A8500F34ACE /* Sources */ = {
			isa = PBXSourcesBuildPhase;
			buildActionMask = 2147483647;
			files = (
			);
			runOnlyForDeploymentPostprocessing = 0;
		};
		0CDB918D2EA29A8600F34ACE /* Sources */ = {
			isa = PBXSourcesBuildPhase;
			buildActionMask = 2147483647;
			files = (
			);
			runOnlyForDeploymentPostprocessing = 0;
		};
		0CDB91972EA29A8700F34ACE /* Sources */ = {
			isa = PBXSourcesBuildPhase;
			buildActionMask = 2147483647;
			files = (
			);
			runOnlyForDeploymentPostprocessing = 0;
		};
/* End PBXSourcesBuildPhase section */

/* Begin PBXTargetDependency section */
		0CDB91932EA29A8600F34ACE /* PBXTargetDependency */ = {
			isa = PBXTargetDependency;
			target = 0CDB91832EA29A8500F34ACE /* PleaseDo */;
			targetProxy = 0CDB91922EA29A8600F34ACE /* PBXContainerItemProxy */;
		};
		0CDB919D2EA29A8700F34ACE /* PBXTargetDependency */ = {
			isa = PBXTargetDependency;
			target = 0CDB91832EA29A8500F34ACE /* PleaseDo */;
			targetProxy = 0CDB919C2EA29A8700F34ACE /* PBXContainerItemProxy */;
		};
/* End PBXTargetDependency section */

/* Begin XCBuildConfiguration section */
		0CDB91A32EA29A8700F34ACE /* Debug */ = {
			isa = XCBuildConfiguration;
			buildSettings = {
				ALWAYS_SEARCH_USER_PATHS = NO;
				ASSETCATALOG_COMPILER_GENERATE_SWIFT_ASSET_SYMBOL_EXTENSIONS = YES;
				CLANG_ANALYZER_NONNULL = YES;
				CLANG_ANALYZER_NUMBER_OBJECT_CONVERSION = YES_AGGRESSIVE;
				CLANG_CXX_LANGUAGE_STANDARD = "gnu++20";
				CLANG_ENABLE_MODULES = YES;
				CLANG_ENABLE_OBJC_ARC = YES;
				CLANG_ENABLE_OBJC_WEAK = YES;
				CLANG_WARN_BLOCK_CAPTURE_AUTORELEASING = YES;
				CLANG_WARN_BOOL_CONVERSION = YES;
				CLANG_WARN_COMMA = YES;
				CLANG_WARN_CONSTANT_CONVERSION = YES;
				CLANG_WARN_DEPRECATED_OBJC_IMPLEMENTATIONS = YES;
				CLANG_WARN_DIRECT_OBJC_ISA_USAGE = YES_ERROR;
				CLANG_WARN_DOCUMENTATION_COMMENTS = YES;
				CLANG_WARN_EMPTY_BODY = YES;
				CLANG_WARN_ENUM_CONVERSION = YES;
				CLANG_WARN_INFINITE_RECURSION = YES;
				CLANG_WARN_INT_CONVERSION = YES;
				CLANG_WARN_NON_LITERAL_NULL_CONVERSION = YES;
				CLANG_WARN_OBJC_IMPLICIT_RETAIN_SELF = YES;
				CLANG_WARN_OBJC_LITERAL_CONVERSION = YES;
				CLANG_WARN_OBJC_ROOT_CLASS = YES_ERROR;
				CLANG_WARN_QUOTED_INCLUDE_IN_FRAMEWORK_HEADER = YES;
				CLANG_WARN_RANGE_LOOP_ANALYSIS = YES;
				CLANG_WARN_STRICT_PROTOTYPES = YES;
				CLANG_WARN_SUSPICIOUS_MOVE = YES;
				CLANG_WARN_UNGUARDED_AVAILABILITY = YES_AGGRESSIVE;
				CLANG_WARN_UNREACHABLE_CODE = YES;
				CLANG_WARN__DUPLICATE_METHOD_MATCH = YES;
				COPY_PHASE_STRIP = NO;
				DEBUG_INFORMATION_FORMAT = dwarf;
				DEVELOPMENT_TEAM = PX2KBZ68Q6;
				ENABLE_STRICT_OBJC_MSGSEND = YES;
				ENABLE_TESTABILITY = YES;
				ENABLE_USER_SCRIPT_SANDBOXING = YES;
				GCC_C_LANGUAGE_STANDARD = gnu17;
				GCC_DYNAMIC_NO_PIC = NO;
				GCC_NO_COMMON_BLOCKS = YES;
				GCC_OPTIMIZATION_LEVEL = 0;
				GCC_PREPROCESSOR_DEFINITIONS = (
					"DEBUG=1",
					"$(inherited)",
				);
				GCC_WARN_64_TO_32_BIT_CONVERSION = YES;
				GCC_WARN_ABOUT_RETURN_TYPE = YES_ERROR;
				GCC_WARN_UNDECLARED_SELECTOR = YES;
				GCC_WARN_UNINITIALIZED_AUTOS = YES_AGGRESSIVE;
				GCC_WARN_UNUSED_FUNCTION = YES;
				GCC_WARN_UNUSED_VARIABLE = YES;
				IPHONEOS_DEPLOYMENT_TARGET = 26.0;
				LOCALIZATION_PREFERS_STRING_CATALOGS = YES;
				MTL_ENABLE_DEBUG_INFO = INCLUDE_SOURCE;
				MTL_FAST_MATH = YES;
				ONLY_ACTIVE_ARCH = YES;
				SDKROOT = iphoneos;
				SWIFT_ACTIVE_COMPILATION_CONDITIONS = "DEBUG $(inherited)";
				SWIFT_OPTIMIZATION_LEVEL = "-Onone";
			};
			name = Debug;
		};
		0CDB91A42EA29A8700F34ACE /* Release */ = {
			isa = XCBuildConfiguration;
			buildSettings = {
				ALWAYS_SEARCH_USER_PATHS = NO;
				ASSETCATALOG_COMPILER_GENERATE_SWIFT_ASSET_SYMBOL_EXTENSIONS = YES;
				CLANG_ANALYZER_NONNULL = YES;
				CLANG_ANALYZER_NUMBER_OBJECT_CONVERSION = YES_AGGRESSIVE;
				CLANG_CXX_LANGUAGE_STANDARD = "gnu++20";
				CLANG_ENABLE_MODULES = YES;
				CLANG_ENABLE_OBJC_ARC = YES;
				CLANG_ENABLE_OBJC_WEAK = YES;
				CLANG_WARN_BLOCK_CAPTURE_AUTORELEASING = YES;
				CLANG_WARN_BOOL_CONVERSION = YES;
				CLANG_WARN_COMMA = YES;
				CLANG_WARN_CONSTANT_CONVERSION = YES;
				CLANG_WARN_DEPRECATED_OBJC_IMPLEMENTATIONS = YES;
				CLANG_WARN_DIRECT_OBJC_ISA_USAGE = YES_ERROR;
				CLANG_WARN_DOCUMENTATION_COMMENTS = YES;
				CLANG_WARN_EMPTY_BODY = YES;
				CLANG_WARN_ENUM_CONVERSION = YES;
				CLANG_WARN_INFINITE_RECURSION = YES;
				CLANG_WARN_INT_CONVERSION = YES;
				CLANG_WARN_NON_LITERAL_NULL_CONVERSION = YES;
				CLANG_WARN_OBJC_IMPLICIT_RETAIN_SELF = YES;
				CLANG_WARN_OBJC_LITERAL_CONVERSION = YES;
				CLANG_WARN_OBJC_ROOT_CLASS = YES_ERROR;
				CLANG_WARN_QUOTED_INCLUDE_IN_FRAMEWORK_HEADER = YES;
				CLANG_WARN_RANGE_LOOP_ANALYSIS = YES;
				CLANG_WARN_STRICT_PROTOTYPES = YES;
				CLANG_WARN_SUSPICIOUS_MOVE = YES;
				CLANG_WARN_UNGUARDED_AVAILABILITY = YES_AGGRESSIVE;
				CLANG_WARN_UNREACHABLE_CODE = YES;
				CLANG_WARN__DUPLICATE_METHOD_MATCH = YES;
				COPY_PHASE_STRIP = NO;
				DEBUG_INFORMATION_FORMAT = "dwarf-with-dsym";
				DEVELOPMENT_TEAM = PX2KBZ68Q6;
				ENABLE_NS_ASSERTIONS = NO;
				ENABLE_STRICT_OBJC_MSGSEND = YES;
				ENABLE_USER_SCRIPT_SANDBOXING = YES;
				GCC_C_LANGUAGE_STANDARD = gnu17;
				GCC_NO_COMMON_BLOCKS = YES;
				GCC_WARN_64_TO_32_BIT_CONVERSION = YES;
				GCC_WARN_ABOUT_RETURN_TYPE = YES_ERROR;
				GCC_WARN_UNDECLARED_SELECTOR = YES;
				GCC_WARN_UNINITIALIZED_AUTOS = YES_AGGRESSIVE;
				GCC_WARN_UNUSED_FUNCTION = YES;
				GCC_WARN_UNUSED_VARIABLE = YES;
				IPHONEOS_DEPLOYMENT_TARGET = 26.0;
				LOCALIZATION_PREFERS_STRING_CATALOGS = YES;
				MTL_ENABLE_DEBUG_INFO = NO;
				MTL_FAST_MATH = YES;
				SDKROOT = iphoneos;
				SWIFT_COMPILATION_MODE = wholemodule;
				VALIDATE_PRODUCT = YES;
			};
			name = Release;
		};
		0CDB91A62EA29A8700F34ACE /* Debug */ = {
			isa = XCBuildConfiguration;
			buildSettings = {
				ASSETCATALOG_COMPILER_APPICON_NAME = AppIcon;
				ASSETCATALOG_COMPILER_GLOBAL_ACCENT_COLOR_NAME = AccentColor;
				CODE_SIGN_STYLE = Automatic;
				CURRENT_PROJECT_VERSION = 1;
				DEVELOPMENT_TEAM = PX2KBZ68Q6;
				ENABLE_PREVIEWS = YES;
				GENERATE_INFOPLIST_FILE = YES;
				INFOPLIST_KEY_UIApplicationSceneManifest_Generation = YES;
				INFOPLIST_KEY_UIApplicationSupportsIndirectInputEvents = YES;
				INFOPLIST_KEY_UILaunchScreen_Generation = YES;
				INFOPLIST_KEY_UISupportedInterfaceOrientations_iPad = "UIInterfaceOrientationPortrait UIInterfaceOrientationPortraitUpsideDown UIInterfaceOrientationLandscapeLeft UIInterfaceOrientationLandscapeRight";
				INFOPLIST_KEY_UISupportedInterfaceOrientations_iPhone = "UIInterfaceOrientationPortrait UIInterfaceOrientationLandscapeLeft UIInterfaceOrientationLandscapeRight";
				LD_RUNPATH_SEARCH_PATHS = (
					"$(inherited)",
					"@executable_path/Frameworks",
				);
				MARKETING_VERSION = 1.0;
				PRODUCT_BUNDLE_IDENTIFIER = com.danutpopa.PleaseDo;
				PRODUCT_NAME = "$(TARGET_NAME)";
				STRING_CATALOG_GENERATE_SYMBOLS = YES;
				SWIFT_APPROACHABLE_CONCURRENCY = YES;
				SWIFT_DEFAULT_ACTOR_ISOLATION = MainActor;
				SWIFT_EMIT_LOC_STRINGS = YES;
				SWIFT_UPCOMING_FEATURE_MEMBER_IMPORT_VISIBILITY = YES;
				SWIFT_VERSION = 5.0;
				TARGETED_DEVICE_FAMILY = "1,2";
			};
			name = Debug;
		};
		0CDB91A72EA29A8700F34ACE /* Release */ = {
			isa = XCBuildConfiguration;
			buildSettings = {
				ASSETCATALOG_COMPILER_APPICON_NAME = AppIcon;
				ASSETCATALOG_COMPILER_GLOBAL_ACCENT_COLOR_NAME = AccentColor;
				CODE_SIGN_STYLE = Automatic;
				CURRENT_PROJECT_VERSION = 1;
				DEVELOPMENT_TEAM = PX2KBZ68Q6;
				ENABLE_PREVIEWS = YES;
				GENERATE_INFOPLIST_FILE = YES;
				INFOPLIST_KEY_UIApplicationSceneManifest_Generation = YES;
				INFOPLIST_KEY_UIApplicationSupportsIndirectInputEvents = YES;
				INFOPLIST_KEY_UILaunchScreen_Generation = YES;
				INFOPLIST_KEY_UISupportedInterfaceOrientations_iPad = "UIInterfaceOrientationPortrait UIInterfaceOrientationPortraitUpsideDown UIInterfaceOrientationLandscapeLeft UIInterfaceOrientationLandscapeRight";
				INFOPLIST_KEY_UISupportedInterfaceOrientations_iPhone = "UIInterfaceOrientationPortrait UIInterfaceOrientationLandscapeLeft UIInterfaceOrientationLandscapeRight";
				LD_RUNPATH_SEARCH_PATHS = (
					"$(inherited)",
					"@executable_path/Frameworks",
				);
				MARKETING_VERSION = 1.0;
				PRODUCT_BUNDLE_IDENTIFIER = com.danutpopa.PleaseDo;
				PRODUCT_NAME = "$(TARGET_NAME)";
				STRING_CATALOG_GENERATE_SYMBOLS = YES;
				SWIFT_APPROACHABLE_CONCURRENCY = YES;
				SWIFT_DEFAULT_ACTOR_ISOLATION = MainActor;
				SWIFT_EMIT_LOC_STRINGS = YES;
				SWIFT_UPCOMING_FEATURE_MEMBER_IMPORT_VISIBILITY = YES;
				SWIFT_VERSION = 5.0;
				TARGETED_DEVICE_FAMILY = "1,2";
			};
			name = Release;
		};
		0CDB91A92EA29A8700F34ACE /* Debug */ = {
			isa = XCBuildConfiguration;
			buildSettings = {
				BUNDLE_LOADER = "$(TEST_HOST)";
				CODE_SIGN_STYLE = Automatic;
				CURRENT_PROJECT_VERSION = 1;
				DEVELOPMENT_TEAM = PX2KBZ68Q6;
				GENERATE_INFOPLIST_FILE = YES;
				IPHONEOS_DEPLOYMENT_TARGET = 26.0;
				MARKETING_VERSION = 1.0;
				PRODUCT_BUNDLE_IDENTIFIER = com.danutpopa.PleaseDoTests;
				PRODUCT_NAME = "$(TARGET_NAME)";
				STRING_CATALOG_GENERATE_SYMBOLS = NO;
				SWIFT_APPROACHABLE_CONCURRENCY = YES;
				SWIFT_EMIT_LOC_STRINGS = NO;
				SWIFT_UPCOMING_FEATURE_MEMBER_IMPORT_VISIBILITY = YES;
				SWIFT_VERSION = 5.0;
				TARGETED_DEVICE_FAMILY = "1,2";
				TEST_HOST = "$(BUILT_PRODUCTS_DIR)/PleaseDo.app/$(BUNDLE_EXECUTABLE_FOLDER_PATH)/PleaseDo";
			};
			name = Debug;
		};
		0CDB91AA2EA29A8700F34ACE /* Release */ = {
			isa = XCBuildConfiguration;
			buildSettings = {
				BUNDLE_LOADER = "$(TEST_HOST)";
				CODE_SIGN_STYLE = Automatic;
				CURRENT_PROJECT_VERSION = 1;
				DEVELOPMENT_TEAM = PX2KBZ68Q6;
				GENERATE_INFOPLIST_FILE = YES;
				IPHONEOS_DEPLOYMENT_TARGET = 26.0;
				MARKETING_VERSION = 1.0;
				PRODUCT_BUNDLE_IDENTIFIER = com.danutpopa.PleaseDoTests;
				PRODUCT_NAME = "$(TARGET_NAME)";
				STRING_CATALOG_GENERATE_SYMBOLS = NO;
				SWIFT_APPROACHABLE_CONCURRENCY = YES;
				SWIFT_EMIT_LOC_STRINGS = NO;
				SWIFT_UPCOMING_FEATURE_MEMBER_IMPORT_VISIBILITY = YES;
				SWIFT_VERSION = 5.0;
				TARGETED_DEVICE_FAMILY = "1,2";
				TEST_HOST = "$(BUILT_PRODUCTS_DIR)/PleaseDo.app/$(BUNDLE_EXECUTABLE_FOLDER_PATH)/PleaseDo";
			};
			name = Release;
		};
		0CDB91AC2EA29A8700F34ACE /* Debug */ = {
			isa = XCBuildConfiguration;
			buildSettings = {
				CODE_SIGN_STYLE = Automatic;
				CURRENT_PROJECT_VERSION = 1;
				DEVELOPMENT_TEAM = PX2KBZ68Q6;
				GENERATE_INFOPLIST_FILE = YES;
				MARKETING_VERSION = 1.0;
				PRODUCT_BUNDLE_IDENTIFIER = com.danutpopa.PleaseDoUITests;
				PRODUCT_NAME = "$(TARGET_NAME)";
				STRING_CATALOG_GENERATE_SYMBOLS = NO;
				SWIFT_APPROACHABLE_CONCURRENCY = YES;
				SWIFT_EMIT_LOC_STRINGS = NO;
				SWIFT_UPCOMING_FEATURE_MEMBER_IMPORT_VISIBILITY = YES;
				SWIFT_VERSION = 5.0;
				TARGETED_DEVICE_FAMILY = "1,2";
				TEST_TARGET_NAME = PleaseDo;
			};
			name = Debug;
		};
		0CDB91AD2EA29A8700F34ACE /* Release */ = {
			isa = XCBuildConfiguration;
			buildSettings = {
				CODE_SIGN_STYLE = Automatic;
				CURRENT_PROJECT_VERSION = 1;
				DEVELOPMENT_TEAM = PX2KBZ68Q6;
				GENERATE_INFOPLIST_FILE = YES;
				MARKETING_VERSION = 1.0;
				PRODUCT_BUNDLE_IDENTIFIER = com.danutpopa.PleaseDoUITests;
				PRODUCT_NAME = "$(TARGET_NAME)";
				STRING_CATALOG_GENERATE_SYMBOLS = NO;
				SWIFT_APPROACHABLE_CONCURRENCY = YES;
				SWIFT_EMIT_LOC_STRINGS = NO;
				SWIFT_UPCOMING_FEATURE_MEMBER_IMPORT_VISIBILITY = YES;
				SWIFT_VERSION = 5.0;
				TARGETED_DEVICE_FAMILY = "1,2";
				TEST_TARGET_NAME = PleaseDo;
			};
			name = Release;
		};
/* End XCBuildConfiguration section */

/* Begin XCConfigurationList section */
		0CDB917F2EA29A8500F34ACE /* Build configuration list for PBXProject "PleaseDo" */ = {
			isa = XCConfigurationList;
			buildConfigurations = (
				0CDB91A32EA29A8700F34ACE /* Debug */,
				0CDB91A42EA29A8700F34ACE /* Release */,
			);
			defaultConfigurationIsVisible = 0;
			defaultConfigurationName = Release;
		};
		0CDB91A52EA29A8700F34ACE /* Build configuration list for PBXNativeTarget "PleaseDo" */ = {
			isa = XCConfigurationList;
			buildConfigurations = (
				0CDB91A62EA29A8700F34ACE /* Debug */,
				0CDB91A72EA29A8700F34ACE /* Release */,
			);
			defaultConfigurationIsVisible = 0;
			defaultConfigurationName = Release;
		};
		0CDB91A82EA29A8700F34ACE /* Build configuration list for PBXNativeTarget "PleaseDoTests" */ = {
			isa = XCConfigurationList;
			buildConfigurations = (
				0CDB91A92EA29A8700F34ACE /* Debug */,
				0CDB91AA2EA29A8700F34ACE /* Release */,
			);
			defaultConfigurationIsVisible = 0;
			defaultConfigurationName = Release;
		};
		0CDB91AB2EA29A8700F34ACE /* Build configuration list for PBXNativeTarget "PleaseDoUITests" */ = {
			isa = XCConfigurationList;
			buildConfigurations = (
				0CDB91AC2EA29A8700F34ACE /* Debug */,
				0CDB91AD2EA29A8700F34ACE /* Release */,
			);
			defaultConfigurationIsVisible = 0;
			defaultConfigurationName = Release;
		};
/* End XCConfigurationList section */

/* Begin XCRemoteSwiftPackageReference section */
		0CFFF1752EAA587100E83262 /* XCRemoteSwiftPackageReference "firebase-ios-sdk" */ = {
			isa = XCRemoteSwiftPackageReference;
			repositoryURL = "https://github.com/firebase/firebase-ios-sdk";
			requirement = {
				kind = upToNextMajorVersion;
				minimumVersion = 12.4.0;
			};
		};
/* End XCRemoteSwiftPackageReference section */

/* Begin XCSwiftPackageProductDependency section */
		0CFFF1762EAA587100E83262 /* FirebaseAuth */ = {
			isa = XCSwiftPackageProductDependency;
			package = 0CFFF1752EAA587100E83262 /* XCRemoteSwiftPackageReference "firebase-ios-sdk" */;
			productName = FirebaseAuth;
		};
		0CFFF1782EAA587100E83262 /* FirebaseFirestore */ = {
			isa = XCSwiftPackageProductDependency;
			package = 0CFFF1752EAA587100E83262 /* XCRemoteSwiftPackageReference "firebase-ios-sdk" */;
			productName = FirebaseFirestore;
		};
/* End XCSwiftPackageProductDependency section */
	};
	rootObject = 0CDB917C2EA29A8500F34ACE /* Project object */;
}
